Microsoft Visual Studio Solution File, Format Version 12.00
# Visual Studio Version 17
VisualStudioVersion = 17.5.2.0
MinimumVisualStudioVersion = 10.0.40219.1
Project("{FAE04EC0-301F-11D3-BF4B-00C04F79EFBC}") = "RedisApiDemo", "RedisApiDemo.csproj", "{AFA18183-8B5D-3069-A76F-22546CF4DD78}"
EndProject
Global
	GlobalSection(SolutionConfigurationPlatforms) = preSolution
		Debug|Any CPU = Debug|Any CPU
		Release|Any CPU = Release|Any CPU
	EndGlobalSection
	GlobalSection(ProjectConfigurationPlatforms) = postSolution
		{AFA18183-8B5D-3069-A76F-22546CF4DD78}.Debug|Any CPU.ActiveCfg = Debug|Any CPU
		{AFA18183-8B5D-3069-A76F-22546CF4DD78}.Debug|Any CPU.Build.0 = Debug|Any CPU
		{AFA18183-8B5D-3069-A76F-22546CF4DD78}.Release|Any CPU.ActiveCfg = Release|Any CPU
		{AFA18183-8B5D-3069-A76F-22546CF4DD78}.Release|Any CPU.Build.0 = Release|Any CPU
	EndGlobalSection
	GlobalSection(SolutionProperties) = preSolution
		HideSolutionNode = FALSE
	EndGlobalSection
	GlobalSection(ExtensibilityGlobals) = postSolution
		SolutionGuid = {5C09267C-B41D-4E1B-8556-1844E3D5E1AA}
	EndGlobalSection
EndGlobal
